
Microsoft Visual Studio Solution File, Format Version 12.00
# Visual Studio Version 17
VisualStudioVersion = 17.0.31903.59
MinimumVisualStudioVersion = 10.0.40219.1
Project("{FAE04EC0-301F-11D3-BF4B-00C04F79EFBC}") = "CadastroVeiculos", "Api\CadastroVeiculos.csproj", "{47F072EC-DE58-43C0-9E5C-E7203CC39621}"
EndProject
Project("{FAE04EC0-301F-11D3-BF4B-00C04F79EFBC}") = "Test", "Test\Test.csproj", "{4870B63C-56ED-4CD7-8177-AD3E8954D651}"
EndProject
Global
	GlobalSection(SolutionConfigurationPlatforms) = preSolution
		Debug|Any CPU = Debug|Any CPU
		Release|Any CPU = Release|Any CPU
	EndGlobalSection
	GlobalSection(SolutionProperties) = preSolution
		HideSolutionNode = FALSE
	EndGlobalSection
	GlobalSection(ProjectConfigurationPlatforms) = postSolution
		{47F072EC-DE58-43C0-9E5C-E7203CC39621}.Debug|Any CPU.ActiveCfg = Debug|Any CPU
		{47F072EC-DE58-43C0-9E5C-E7203CC39621}.Debug|Any CPU.Build.0 = Debug|Any CPU
		{47F072EC-DE58-43C0-9E5C-E7203CC39621}.Release|Any CPU.ActiveCfg = Release|Any CPU
		{47F072EC-DE58-43C0-9E5C-E7203CC39621}.Release|Any CPU.Build.0 = Release|Any CPU
		{4870B63C-56ED-4CD7-8177-AD3E8954D651}.Debug|Any CPU.ActiveCfg = Debug|Any CPU
		{4870B63C-56ED-4CD7-8177-AD3E8954D651}.Debug|Any CPU.Build.0 = Debug|Any CPU
		{4870B63C-56ED-4CD7-8177-AD3E8954D651}.Release|Any CPU.ActiveCfg = Release|Any CPU
		{4870B63C-56ED-4CD7-8177-AD3E8954D651}.Release|Any CPU.Build.0 = Release|Any CPU
	EndGlobalSection
EndGlobal
